
Microsoft Visual Studio Solution File, Format Version 12.00
# Visual Studio 15
VisualStudioVersion = 15.0.27130.2036
MinimumVisualStudioVersion = 10.0.40219.1
Project("{8BC9CEB8-8B4A-11D0-8D11-00A0C91BC942}") = "demolab11.1", "demolab11.1\demolab11.1.vcxproj", "{9FC7EB71-65DA-431B-9FA7-1FA91F5A19FB}"
EndProject
Global
	GlobalSection(SolutionConfigurationPlatforms) = preSolution
		Debug|x64 = Debug|x64
		Debug|x86 = Debug|x86
		Release|x64 = Release|x64
		Release|x86 = Release|x86
	EndGlobalSection
	GlobalSection(ProjectConfigurationPlatforms) = postSolution
		{9FC7EB71-65DA-431B-9FA7-1FA91F5A19FB}.Debug|x64.ActiveCfg = Debug|x64
		{9FC7EB71-65DA-431B-9FA7-1FA91F5A19FB}.Debug|x64.Build.0 = Debug|x64
		{9FC7EB71-65DA-431B-9FA7-1FA91F5A19FB}.Debug|x86.ActiveCfg = Debug|Win32
		{9FC7EB71-65DA-431B-9FA7-1FA91F5A19FB}.Debug|x86.Build.0 = Debug|Win32
		{9FC7EB71-65DA-431B-9FA7-1FA91F5A19FB}.Release|x64.ActiveCfg = Release|x64
		{9FC7EB71-65DA-431B-9FA7-1FA91F5A19FB}.Release|x64.Build.0 = Release|x64
		{9FC7EB71-65DA-431B-9FA7-1FA91F5A19FB}.Release|x86.ActiveCfg = Release|Win32
		{9FC7EB71-65DA-431B-9FA7-1FA91F5A19FB}.Release|x86.Build.0 = Release|Win32
	EndGlobalSection
	GlobalSection(SolutionProperties) = preSolution
		HideSolutionNode = FALSE
	EndGlobalSection
	GlobalSection(ExtensibilityGlobals) = postSolution
		SolutionGuid = {B8F20F56-0D97-45F6-8C40-427801CA58A8}
	EndGlobalSection
EndGlobal
