
Microsoft Visual Studio Solution File, Format Version 12.00
# Visual Studio 15
VisualStudioVersion = 15.0.27130.2036
MinimumVisualStudioVersion = 10.0.40219.1
Project("{8BC9CEB8-8B4A-11D0-8D11-00A0C91BC942}") = "PerformanceLab7.2A", "PerformanceLab7.2A\PerformanceLab7.2A.vcxproj", "{430A8A9B-22FE-4138-82E5-E7586E17A5A5}"
EndProject
Global
	GlobalSection(SolutionConfigurationPlatforms) = preSolution
		Debug|x64 = Debug|x64
		Debug|x86 = Debug|x86
		Release|x64 = Release|x64
		Release|x86 = Release|x86
	EndGlobalSection
	GlobalSection(ProjectConfigurationPlatforms) = postSolution
		{430A8A9B-22FE-4138-82E5-E7586E17A5A5}.Debug|x64.ActiveCfg = Debug|x64
		{430A8A9B-22FE-4138-82E5-E7586E17A5A5}.Debug|x64.Build.0 = Debug|x64
		{430A8A9B-22FE-4138-82E5-E7586E17A5A5}.Debug|x86.ActiveCfg = Debug|Win32
		{430A8A9B-22FE-4138-82E5-E7586E17A5A5}.Debug|x86.Build.0 = Debug|Win32
		{430A8A9B-22FE-4138-82E5-E7586E17A5A5}.Release|x64.ActiveCfg = Release|x64
		{430A8A9B-22FE-4138-82E5-E7586E17A5A5}.Release|x64.Build.0 = Release|x64
		{430A8A9B-22FE-4138-82E5-E7586E17A5A5}.Release|x86.ActiveCfg = Release|Win32
		{430A8A9B-22FE-4138-82E5-E7586E17A5A5}.Release|x86.Build.0 = Release|Win32
	EndGlobalSection
	GlobalSection(SolutionProperties) = preSolution
		HideSolutionNode = FALSE
	EndGlobalSection
	GlobalSection(ExtensibilityGlobals) = postSolution
		SolutionGuid = {1E7A3D7B-11E4-45E4-96BA-96FDD2D195DC}
	EndGlobalSection
EndGlobal
