
Microsoft Visual Studio Solution File, Format Version 12.00
# Visual Studio 15
VisualStudioVersion = 15.0.27130.2036
MinimumVisualStudioVersion = 10.0.40219.1
Project("{8BC9CEB8-8B4A-11D0-8D11-00A0C91BC942}") = "Demolab8.6", "Demolab8.6\Demolab8.6.vcxproj", "{ACA212B9-39EA-44B1-A371-DB28CC10F319}"
EndProject
Global
	GlobalSection(SolutionConfigurationPlatforms) = preSolution
		Debug|x64 = Debug|x64
		Debug|x86 = Debug|x86
		Release|x64 = Release|x64
		Release|x86 = Release|x86
	EndGlobalSection
	GlobalSection(ProjectConfigurationPlatforms) = postSolution
		{ACA212B9-39EA-44B1-A371-DB28CC10F319}.Debug|x64.ActiveCfg = Debug|x64
		{ACA212B9-39EA-44B1-A371-DB28CC10F319}.Debug|x64.Build.0 = Debug|x64
		{ACA212B9-39EA-44B1-A371-DB28CC10F319}.Debug|x86.ActiveCfg = Debug|Win32
		{ACA212B9-39EA-44B1-A371-DB28CC10F319}.Debug|x86.Build.0 = Debug|Win32
		{ACA212B9-39EA-44B1-A371-DB28CC10F319}.Release|x64.ActiveCfg = Release|x64
		{ACA212B9-39EA-44B1-A371-DB28CC10F319}.Release|x64.Build.0 = Release|x64
		{ACA212B9-39EA-44B1-A371-DB28CC10F319}.Release|x86.ActiveCfg = Release|Win32
		{ACA212B9-39EA-44B1-A371-DB28CC10F319}.Release|x86.Build.0 = Release|Win32
	EndGlobalSection
	GlobalSection(SolutionProperties) = preSolution
		HideSolutionNode = FALSE
	EndGlobalSection
	GlobalSection(ExtensibilityGlobals) = postSolution
		SolutionGuid = {0F7A6911-0DAF-4772-9DDB-D153DBF69702}
	EndGlobalSection
EndGlobal
